// !$*UTF8*$!
{
	archiveVersion = 1;
	classes = {
	};
	objectVersion = 60;
	objects = {

/* Begin PBXBuildFile section */
		1A2B3C4D5E6F708190A0B0C1 /* AppDelegate.swift in Sources */ = {isa = PBXBuildFile; fileRef = 1A2B3C4D5E6F708190A0B001 /* AppDelegate.swift */; };
		1A2B3C4D5E6F708190A0B0C2 /* MainWindowController.swift in Sources */ = {isa = PBXBuildFile; fileRef = 1A2B3C4D5E6F708190A0B002 /* MainWindowController.swift */; };
		1A2B3C4D5E6F708190A0B0C3 /* RootView.swift in Sources */ = {isa = PBXBuildFile; fileRef = 1A2B3C4D5E6F708190A0B003 /* RootView.swift */; };
		1A2B3C4D5E6F708190A0B0C4 /* CoreModels.swift in Sources */ = {isa = PBXBuildFile; fileRef = 1A2B3C4D5E6F708190A0B006 /* CoreModels.swift */; };
		1A2B3C4D5E6F708190A0B0C5 /* PeripheralCoreBridge.swift in Sources */ = {isa = PBXBuildFile; fileRef = 1A2B3C4D5E6F708190A0B007 /* PeripheralCoreBridge.swift */; };
		1A2B3C4D5E6F708190A0B0C6 /* AppState.swift in Sources */ = {isa = PBXBuildFile; fileRef = 1A2B3C4D5E6F708190A0B008 /* AppState.swift */; };
		1A2B3C4D5E6F708190A0B0C7 /* StatusMenuController.swift in Sources */ = {isa = PBXBuildFile; fileRef = 1A2B3C4D5E6F708190A0B009 /* StatusMenuController.swift */; };
		1A2B3C4D5E6F708190A0B0C8 /* LoginItemController.swift in Sources */ = {isa = PBXBuildFile; fileRef = 1A2B3C4D5E6F708190A0B00A /* LoginItemController.swift */; };
		2B3C4D5E6F708190A0B0C001 /* libPeripheralCore.a in Frameworks */ = {isa = PBXBuildFile; fileRef = 2B3C4D5E6F708190A0B0F001 /* libPeripheralCore.a */; };
		2B3C4D5E6F708190A0B0C002 /* libsqlite3.tbd in Frameworks */ = {isa = PBXBuildFile; fileRef = 2B3C4D5E6F708190A0B0F002 /* libsqlite3.tbd */; };
		2B3C4D5E6F708190A0B0C003 /* CoreAudio.framework in Frameworks */ = {isa = PBXBuildFile; fileRef = 2B3C4D5E6F708190A0B0F003 /* CoreAudio.framework */; };
		2B3C4D5E6F708190A0B0C004 /* CoreFoundation.framework in Frameworks */ = {isa = PBXBuildFile; fileRef = 2B3C4D5E6F708190A0B0F004 /* CoreFoundation.framework */; };
		2B3C4D5E6F708190A0B0C005 /* CoreGraphics.framework in Frameworks */ = {isa = PBXBuildFile; fileRef = 2B3C4D5E6F708190A0B0F005 /* CoreGraphics.framework */; };
		2B3C4D5E6F708190A0B0C006 /* IOKit.framework in Frameworks */ = {isa = PBXBuildFile; fileRef = 2B3C4D5E6F708190A0B0F006 /* IOKit.framework */; };
		2B3C4D5E6F708190A0B0C007 /* AVFoundation.framework in Frameworks */ = {isa = PBXBuildFile; fileRef = 2B3C4D5E6F708190A0B0F007 /* AVFoundation.framework */; };
		2B3C4D5E6F708190A0B0C008 /* Foundation.framework in Frameworks */ = {isa = PBXBuildFile; fileRef = 2B3C4D5E6F708190A0B0F008 /* Foundation.framework */; };
		2B3C4D5E6F708190A0B0C009 /* IOBluetooth.framework in Frameworks */ = {isa = PBXBuildFile; fileRef = 2B3C4D5E6F708190A0B0F009 /* IOBluetooth.framework */; };
		2B3C4D5E6F708190A0B0C010 /* ServiceManagement.framework in Frameworks */ = {isa = PBXBuildFile; fileRef = 2B3C4D5E6F708190A0B0F010 /* ServiceManagement.framework */; };
		2B3C4D5E6F708190A0B0C024 /* mph_audio_watcher.c in Sources */ = {isa = PBXBuildFile; fileRef = 2B3C4D5E6F708190A0B0S024 /* mph_audio_watcher.c */; };
		2B3C4D5E6F708190A0B0C030 /* mph_bluetooth.c in Sources */ = {isa = PBXBuildFile; fileRef = 2B3C4D5E6F708190A0B0S030 /* mph_bluetooth.c */; };
		2B3C4D5E6F708190A0B0C031 /* mph_bluetooth_iobluetooth.m in Sources */ = {isa = PBXBuildFile; fileRef = 2B3C4D5E6F708190A0B0S031 /* mph_bluetooth_iobluetooth.m */; };
		2B3C4D5E6F708190A0B0C026 /* mph_camera.c in Sources */ = {isa = PBXBuildFile; fileRef = 2B3C4D5E6F708190A0B0S026 /* mph_camera.c */; };
		2B3C4D5E6F708190A0B0C027 /* mph_camera_avfoundation.m in Sources */ = {isa = PBXBuildFile; fileRef = 2B3C4D5E6F708190A0B0S027 /* mph_camera_avfoundation.m */; };
		2B3C4D5E6F708190A0B0C011 /* mph_core.c in Sources */ = {isa = PBXBuildFile; fileRef = 2B3C4D5E6F708190A0B0S011 /* mph_core.c */; };
		2B3C4D5E6F708190A0B0C023 /* mph_core_audio.c in Sources */ = {isa = PBXBuildFile; fileRef = 2B3C4D5E6F708190A0B0S023 /* mph_core_audio.c */; };
		2B3C4D5E6F708190A0B0C022 /* mph_db.c in Sources */ = {isa = PBXBuildFile; fileRef = 2B3C4D5E6F708190A0B0S022 /* mph_db.c */; };
		2B3C4D5E6F708190A0B0C012 /* mph_device.c in Sources */ = {isa = PBXBuildFile; fileRef = 2B3C4D5E6F708190A0B0S012 /* mph_device.c */; };
		2B3C4D5E6F708190A0B0C013 /* mph_device_id.c in Sources */ = {isa = PBXBuildFile; fileRef = 2B3C4D5E6F708190A0B0S013 /* mph_device_id.c */; };
		2B3C4D5E6F708190A0B0C014 /* mph_device_list.c in Sources */ = {isa = PBXBuildFile; fileRef = 2B3C4D5E6F708190A0B0S014 /* mph_device_list.c */; };
		2B3C4D5E6F708190A0B0C025 /* mph_display.c in Sources */ = {isa = PBXBuildFile; fileRef = 2B3C4D5E6F708190A0B0S025 /* mph_display.c */; };
		2B3C4D5E6F708190A0B0C028 /* mph_hid.c in Sources */ = {isa = PBXBuildFile; fileRef = 2B3C4D5E6F708190A0B0S028 /* mph_hid.c */; };
		2B3C4D5E6F708190A0B0C032 /* mph_inventory.c in Sources */ = {isa = PBXBuildFile; fileRef = 2B3C4D5E6F708190A0B0S032 /* mph_inventory.c */; };
		2B3C4D5E6F708190A0B0C029 /* mph_usb.c in Sources */ = {isa = PBXBuildFile; fileRef = 2B3C4D5E6F708190A0B0S029 /* mph_usb.c */; };
		2B3C4D5E6F708190A0B0C015 /* mph_log.c in Sources */ = {isa = PBXBuildFile; fileRef = 2B3C4D5E6F708190A0B0S015 /* mph_log.c */; };
		2B3C4D5E6F708190A0B0C016 /* mph_profile.c in Sources */ = {isa = PBXBuildFile; fileRef = 2B3C4D5E6F708190A0B0S016 /* mph_profile.c */; };
		2B3C4D5E6F708190A0B0C017 /* mph_profile_store.c in Sources */ = {isa = PBXBuildFile; fileRef = 2B3C4D5E6F708190A0B0S017 /* mph_profile_store.c */; };
		2B3C4D5E6F708190A0B0C018 /* mph_reconcile.c in Sources */ = {isa = PBXBuildFile; fileRef = 2B3C4D5E6F708190A0B0S018 /* mph_reconcile.c */; };
		2B3C4D5E6F708190A0B0C019 /* mph_result.c in Sources */ = {isa = PBXBuildFile; fileRef = 2B3C4D5E6F708190A0B0S019 /* mph_result.c */; };
		2B3C4D5E6F708190A0B0C020 /* mph_selection.c in Sources */ = {isa = PBXBuildFile; fileRef = 2B3C4D5E6F708190A0B0S020 /* mph_selection.c */; };
		2B3C4D5E6F708190A0B0C021 /* mph_time.c in Sources */ = {isa = PBXBuildFile; fileRef = 2B3C4D5E6F708190A0B0S021 /* mph_time.c */; };
		2B3C4D5E6F708190A0B0C033 /* mph_swift_bridge.c in Sources */ = {isa = PBXBuildFile; fileRef = 2B3C4D5E6F708190A0B0S033 /* mph_swift_bridge.c */; };
/* End PBXBuildFile section */

/* Begin PBXContainerItemProxy section */
		2B3C4D5E6F708190A0B0P001 /* PBXContainerItemProxy */ = {
			isa = PBXContainerItemProxy;
			containerPortal = 1A2B3C4D5E6F708190A0B401 /* Project object */;
			proxyType = 1;
			remoteGlobalIDString = 2B3C4D5E6F708190A0B0301;
			remoteInfo = PeripheralCore;
		};
/* End PBXContainerItemProxy section */

/* Begin PBXFileReference section */
		1A2B3C4D5E6F708190A0B001 /* AppDelegate.swift */ = {isa = PBXFileReference; lastKnownFileType = sourcecode.swift; path = AppDelegate.swift; sourceTree = "<group>"; };
		1A2B3C4D5E6F708190A0B002 /* MainWindowController.swift */ = {isa = PBXFileReference; lastKnownFileType = sourcecode.swift; path = MainWindowController.swift; sourceTree = "<group>"; };
		1A2B3C4D5E6F708190A0B003 /* RootView.swift */ = {isa = PBXFileReference; lastKnownFileType = sourcecode.swift; path = RootView.swift; sourceTree = "<group>"; };
		1A2B3C4D5E6F708190A0B004 /* Info.plist */ = {isa = PBXFileReference; lastKnownFileType = text.plist.xml; path = Info.plist; sourceTree = "<group>"; };
		1A2B3C4D5E6F708190A0B005 /* MacPeripheralHub.app */ = {isa = PBXFileReference; explicitFileType = wrapper.application; includeInIndex = 0; path = MacPeripheralHub.app; sourceTree = BUILT_PRODUCTS_DIR; };
		1A2B3C4D5E6F708190A0B006 /* CoreModels.swift */ = {isa = PBXFileReference; lastKnownFileType = sourcecode.swift; path = CoreModels.swift; sourceTree = "<group>"; };
		1A2B3C4D5E6F708190A0B007 /* PeripheralCoreBridge.swift */ = {isa = PBXFileReference; lastKnownFileType = sourcecode.swift; path = PeripheralCoreBridge.swift; sourceTree = "<group>"; };
		1A2B3C4D5E6F708190A0B008 /* AppState.swift */ = {isa = PBXFileReference; lastKnownFileType = sourcecode.swift; path = AppState.swift; sourceTree = "<group>"; };
		1A2B3C4D5E6F708190A0B009 /* StatusMenuController.swift */ = {isa = PBXFileReference; lastKnownFileType = sourcecode.swift; path = StatusMenuController.swift; sourceTree = "<group>"; };
		1A2B3C4D5E6F708190A0B00A /* LoginItemController.swift */ = {isa = PBXFileReference; lastKnownFileType = sourcecode.swift; path = LoginItemController.swift; sourceTree = "<group>"; };
		2B3C4D5E6F708190A0B0F001 /* libPeripheralCore.a */ = {isa = PBXFileReference; explicitFileType = archive.ar; includeInIndex = 0; path = libPeripheralCore.a; sourceTree = BUILT_PRODUCTS_DIR; };
		2B3C4D5E6F708190A0B0F002 /* libsqlite3.tbd */ = {isa = PBXFileReference; lastKnownFileType = "sourcecode.text-based-dylib-definition"; name = libsqlite3.tbd; path = usr/lib/libsqlite3.tbd; sourceTree = SDKROOT; };
		2B3C4D5E6F708190A0B0F003 /* CoreAudio.framework */ = {isa = PBXFileReference; lastKnownFileType = wrapper.framework; name = CoreAudio.framework; path = System/Library/Frameworks/CoreAudio.framework; sourceTree = SDKROOT; };
		2B3C4D5E6F708190A0B0F004 /* CoreFoundation.framework */ = {isa = PBXFileReference; lastKnownFileType = wrapper.framework; name = CoreFoundation.framework; path = System/Library/Frameworks/CoreFoundation.framework; sourceTree = SDKROOT; };
		2B3C4D5E6F708190A0B0F005 /* CoreGraphics.framework */ = {isa = PBXFileReference; lastKnownFileType = wrapper.framework; name = CoreGraphics.framework; path = System/Library/Frameworks/CoreGraphics.framework; sourceTree = SDKROOT; };
		2B3C4D5E6F708190A0B0F006 /* IOKit.framework */ = {isa = PBXFileReference; lastKnownFileType = wrapper.framework; name = IOKit.framework; path = System/Library/Frameworks/IOKit.framework; sourceTree = SDKROOT; };
		2B3C4D5E6F708190A0B0F007 /* AVFoundation.framework */ = {isa = PBXFileReference; lastKnownFileType = wrapper.framework; name = AVFoundation.framework; path = System/Library/Frameworks/AVFoundation.framework; sourceTree = SDKROOT; };
		2B3C4D5E6F708190A0B0F008 /* Foundation.framework */ = {isa = PBXFileReference; lastKnownFileType = wrapper.framework; name = Foundation.framework; path = System/Library/Frameworks/Foundation.framework; sourceTree = SDKROOT; };
		2B3C4D5E6F708190A0B0F009 /* IOBluetooth.framework */ = {isa = PBXFileReference; lastKnownFileType = wrapper.framework; name = IOBluetooth.framework; path = System/Library/Frameworks/IOBluetooth.framework; sourceTree = SDKROOT; };
		2B3C4D5E6F708190A0B0F010 /* ServiceManagement.framework */ = {isa = PBXFileReference; lastKnownFileType = wrapper.framework; name = ServiceManagement.framework; path = System/Library/Frameworks/ServiceManagement.framework; sourceTree = SDKROOT; };
		2B3C4D5E6F708190A0B0H001 /* PeripheralCore.h */ = {isa = PBXFileReference; lastKnownFileType = sourcecode.c.h; path = PeripheralCore.h; sourceTree = "<group>"; };
		2B3C4D5E6F708190A0B0H002 /* module.modulemap */ = {isa = PBXFileReference; lastKnownFileType = "sourcecode.module-map"; path = module.modulemap; sourceTree = "<group>"; };
		2B3C4D5E6F708190A0B0H016 /* mph_audio_watcher.h */ = {isa = PBXFileReference; lastKnownFileType = sourcecode.c.h; path = mph_audio_watcher.h; sourceTree = "<group>"; };
		2B3C4D5E6F708190A0B0H021 /* mph_bluetooth.h */ = {isa = PBXFileReference; lastKnownFileType = sourcecode.c.h; path = mph_bluetooth.h; sourceTree = "<group>"; };
		2B3C4D5E6F708190A0B0H018 /* mph_camera.h */ = {isa = PBXFileReference; lastKnownFileType = sourcecode.c.h; path = mph_camera.h; sourceTree = "<group>"; };
		2B3C4D5E6F708190A0B0H003 /* mph_core.h */ = {isa = PBXFileReference; lastKnownFileType = sourcecode.c.h; path = mph_core.h; sourceTree = "<group>"; };
		2B3C4D5E6F708190A0B0H015 /* mph_core_audio.h */ = {isa = PBXFileReference; lastKnownFileType = sourcecode.c.h; path = mph_core_audio.h; sourceTree = "<group>"; };
		2B3C4D5E6F708190A0B0H014 /* mph_db.h */ = {isa = PBXFileReference; lastKnownFileType = sourcecode.c.h; path = mph_db.h; sourceTree = "<group>"; };
		2B3C4D5E6F708190A0B0H004 /* mph_device.h */ = {isa = PBXFileReference; lastKnownFileType = sourcecode.c.h; path = mph_device.h; sourceTree = "<group>"; };
		2B3C4D5E6F708190A0B0H005 /* mph_device_id.h */ = {isa = PBXFileReference; lastKnownFileType = sourcecode.c.h; path = mph_device_id.h; sourceTree = "<group>"; };
		2B3C4D5E6F708190A0B0H006 /* mph_device_list.h */ = {isa = PBXFileReference; lastKnownFileType = sourcecode.c.h; path = mph_device_list.h; sourceTree = "<group>"; };
		2B3C4D5E6F708190A0B0H017 /* mph_display.h */ = {isa = PBXFileReference; lastKnownFileType = sourcecode.c.h; path = mph_display.h; sourceTree = "<group>"; };
		2B3C4D5E6F708190A0B0H019 /* mph_hid.h */ = {isa = PBXFileReference; lastKnownFileType = sourcecode.c.h; path = mph_hid.h; sourceTree = "<group>"; };
		2B3C4D5E6F708190A0B0H022 /* mph_inventory.h */ = {isa = PBXFileReference; lastKnownFileType = sourcecode.c.h; path = mph_inventory.h; sourceTree = "<group>"; };
		2B3C4D5E6F708190A0B0H020 /* mph_usb.h */ = {isa = PBXFileReference; lastKnownFileType = sourcecode.c.h; path = mph_usb.h; sourceTree = "<group>"; };
		2B3C4D5E6F708190A0B0H007 /* mph_log.h */ = {isa = PBXFileReference; lastKnownFileType = sourcecode.c.h; path = mph_log.h; sourceTree = "<group>"; };
		2B3C4D5E6F708190A0B0H008 /* mph_profile.h */ = {isa = PBXFileReference; lastKnownFileType = sourcecode.c.h; path = mph_profile.h; sourceTree = "<group>"; };
		2B3C4D5E6F708190A0B0H009 /* mph_profile_store.h */ = {isa = PBXFileReference; lastKnownFileType = sourcecode.c.h; path = mph_profile_store.h; sourceTree = "<group>"; };
		2B3C4D5E6F708190A0B0H010 /* mph_reconcile.h */ = {isa = PBXFileReference; lastKnownFileType = sourcecode.c.h; path = mph_reconcile.h; sourceTree = "<group>"; };
		2B3C4D5E6F708190A0B0H011 /* mph_result.h */ = {isa = PBXFileReference; lastKnownFileType = sourcecode.c.h; path = mph_result.h; sourceTree = "<group>"; };
		2B3C4D5E6F708190A0B0H012 /* mph_selection.h */ = {isa = PBXFileReference; lastKnownFileType = sourcecode.c.h; path = mph_selection.h; sourceTree = "<group>"; };
		2B3C4D5E6F708190A0B0H013 /* mph_time.h */ = {isa = PBXFileReference; lastKnownFileType = sourcecode.c.h; path = mph_time.h; sourceTree = "<group>"; };
		2B3C4D5E6F708190A0B0H023 /* mph_swift_bridge.h */ = {isa = PBXFileReference; lastKnownFileType = sourcecode.c.h; path = mph_swift_bridge.h; sourceTree = "<group>"; };
		2B3C4D5E6F708190A0B0S011 /* mph_core.c */ = {isa = PBXFileReference; lastKnownFileType = sourcecode.c.c; path = mph_core.c; sourceTree = "<group>"; };
		2B3C4D5E6F708190A0B0S030 /* mph_bluetooth.c */ = {isa = PBXFileReference; lastKnownFileType = sourcecode.c.c; path = mph_bluetooth.c; sourceTree = "<group>"; };
		2B3C4D5E6F708190A0B0S026 /* mph_camera.c */ = {isa = PBXFileReference; lastKnownFileType = sourcecode.c.c; path = mph_camera.c; sourceTree = "<group>"; };
		2B3C4D5E6F708190A0B0S027 /* mph_camera_avfoundation.m */ = {isa = PBXFileReference; lastKnownFileType = sourcecode.c.objc; path = mph_camera_avfoundation.m; sourceTree = "<group>"; };
		2B3C4D5E6F708190A0B0S031 /* mph_bluetooth_iobluetooth.m */ = {isa = PBXFileReference; lastKnownFileType = sourcecode.c.objc; path = mph_bluetooth_iobluetooth.m; sourceTree = "<group>"; };
		2B3C4D5E6F708190A0B0S023 /* mph_core_audio.c */ = {isa = PBXFileReference; lastKnownFileType = sourcecode.c.c; path = mph_core_audio.c; sourceTree = "<group>"; };
		2B3C4D5E6F708190A0B0S024 /* mph_audio_watcher.c */ = {isa = PBXFileReference; lastKnownFileType = sourcecode.c.c; path = mph_audio_watcher.c; sourceTree = "<group>"; };
		2B3C4D5E6F708190A0B0S022 /* mph_db.c */ = {isa = PBXFileReference; lastKnownFileType = sourcecode.c.c; path = mph_db.c; sourceTree = "<group>"; };
		2B3C4D5E6F708190A0B0S012 /* mph_device.c */ = {isa = PBXFileReference; lastKnownFileType = sourcecode.c.c; path = mph_device.c; sourceTree = "<group>"; };
		2B3C4D5E6F708190A0B0S013 /* mph_device_id.c */ = {isa = PBXFileReference; lastKnownFileType = sourcecode.c.c; path = mph_device_id.c; sourceTree = "<group>"; };
		2B3C4D5E6F708190A0B0S014 /* mph_device_list.c */ = {isa = PBXFileReference; lastKnownFileType = sourcecode.c.c; path = mph_device_list.c; sourceTree = "<group>"; };
		2B3C4D5E6F708190A0B0S025 /* mph_display.c */ = {isa = PBXFileReference; lastKnownFileType = sourcecode.c.c; path = mph_display.c; sourceTree = "<group>"; };
		2B3C4D5E6F708190A0B0S028 /* mph_hid.c */ = {isa = PBXFileReference; lastKnownFileType = sourcecode.c.c; path = mph_hid.c; sourceTree = "<group>"; };
		2B3C4D5E6F708190A0B0S032 /* mph_inventory.c */ = {isa = PBXFileReference; lastKnownFileType = sourcecode.c.c; path = mph_inventory.c; sourceTree = "<group>"; };
		2B3C4D5E6F708190A0B0S029 /* mph_usb.c */ = {isa = PBXFileReference; lastKnownFileType = sourcecode.c.c; path = mph_usb.c; sourceTree = "<group>"; };
		2B3C4D5E6F708190A0B0S015 /* mph_log.c */ = {isa = PBXFileReference; lastKnownFileType = sourcecode.c.c; path = mph_log.c; sourceTree = "<group>"; };
		2B3C4D5E6F708190A0B0S016 /* mph_profile.c */ = {isa = PBXFileReference; lastKnownFileType = sourcecode.c.c; path = mph_profile.c; sourceTree = "<group>"; };
		2B3C4D5E6F708190A0B0S017 /* mph_profile_store.c */ = {isa = PBXFileReference; lastKnownFileType = sourcecode.c.c; path = mph_profile_store.c; sourceTree = "<group>"; };
		2B3C4D5E6F708190A0B0S018 /* mph_reconcile.c */ = {isa = PBXFileReference; lastKnownFileType = sourcecode.c.c; path = mph_reconcile.c; sourceTree = "<group>"; };
		2B3C4D5E6F708190A0B0S019 /* mph_result.c */ = {isa = PBXFileReference; lastKnownFileType = sourcecode.c.c; path = mph_result.c; sourceTree = "<group>"; };
		2B3C4D5E6F708190A0B0S020 /* mph_selection.c */ = {isa = PBXFileReference; lastKnownFileType = sourcecode.c.c; path = mph_selection.c; sourceTree = "<group>"; };
		2B3C4D5E6F708190A0B0S021 /* mph_time.c */ = {isa = PBXFileReference; lastKnownFileType = sourcecode.c.c; path = mph_time.c; sourceTree = "<group>"; };
		2B3C4D5E6F708190A0B0S033 /* mph_swift_bridge.c */ = {isa = PBXFileReference; lastKnownFileType = sourcecode.c.c; path = mph_swift_bridge.c; sourceTree = "<group>"; };
/* End PBXFileReference section */

/* Begin PBXFrameworksBuildPhase section */
		1A2B3C4D5E6F708190A0B101 /* Frameworks */ = {
			isa = PBXFrameworksBuildPhase;
			buildActionMask = 2147483647;
			files = (
				2B3C4D5E6F708190A0B0C001 /* libPeripheralCore.a in Frameworks */,
				2B3C4D5E6F708190A0B0C002 /* libsqlite3.tbd in Frameworks */,
				2B3C4D5E6F708190A0B0C003 /* CoreAudio.framework in Frameworks */,
				2B3C4D5E6F708190A0B0C004 /* CoreFoundation.framework in Frameworks */,
				2B3C4D5E6F708190A0B0C005 /* CoreGraphics.framework in Frameworks */,
				2B3C4D5E6F708190A0B0C006 /* IOKit.framework in Frameworks */,
				2B3C4D5E6F708190A0B0C007 /* AVFoundation.framework in Frameworks */,
				2B3C4D5E6F708190A0B0C009 /* IOBluetooth.framework in Frameworks */,
				2B3C4D5E6F708190A0B0C008 /* Foundation.framework in Frameworks */,
				2B3C4D5E6F708190A0B0C010 /* ServiceManagement.framework in Frameworks */,
			);
			runOnlyForDeploymentPostprocessing = 0;
		};
		2B3C4D5E6F708190A0B0101 /* Frameworks */ = {
			isa = PBXFrameworksBuildPhase;
			buildActionMask = 2147483647;
			files = (
			);
			runOnlyForDeploymentPostprocessing = 0;
		};
/* End PBXFrameworksBuildPhase section */

/* Begin PBXGroup section */
		1A2B3C4D5E6F708190A0B201 = {
			isa = PBXGroup;
			children = (
				1A2B3C4D5E6F708190A0B202 /* MacPeripheralHub */,
				2B3C4D5E6F708190A0B0202 /* Core */,
				1A2B3C4D5E6F708190A0B203 /* Products */,
			);
			sourceTree = "<group>";
		};
		1A2B3C4D5E6F708190A0B202 /* MacPeripheralHub */ = {
			isa = PBXGroup;
			children = (
				1A2B3C4D5E6F708190A0B204 /* App */,
				1A2B3C4D5E6F708190A0B207 /* System */,
				1A2B3C4D5E6F708190A0B205 /* UI */,
				1A2B3C4D5E6F708190A0B208 /* MenuBar */,
				1A2B3C4D5E6F708190A0B206 /* Resources */,
			);
			path = MacPeripheralHub;
			sourceTree = "<group>";
		};
		1A2B3C4D5E6F708190A0B203 /* Products */ = {
			isa = PBXGroup;
			children = (
				1A2B3C4D5E6F708190A0B005 /* MacPeripheralHub.app */,
				2B3C4D5E6F708190A0B0F001 /* libPeripheralCore.a */,
				2B3C4D5E6F708190A0B0F002 /* libsqlite3.tbd */,
				2B3C4D5E6F708190A0B0F003 /* CoreAudio.framework */,
				2B3C4D5E6F708190A0B0F004 /* CoreFoundation.framework */,
				2B3C4D5E6F708190A0B0F005 /* CoreGraphics.framework */,
				2B3C4D5E6F708190A0B0F006 /* IOKit.framework */,
				2B3C4D5E6F708190A0B0F007 /* AVFoundation.framework */,
				2B3C4D5E6F708190A0B0F009 /* IOBluetooth.framework */,
				2B3C4D5E6F708190A0B0F008 /* Foundation.framework */,
				2B3C4D5E6F708190A0B0F010 /* ServiceManagement.framework */,
			);
			name = Products;
			sourceTree = "<group>";
		};
		1A2B3C4D5E6F708190A0B204 /* App */ = {
			isa = PBXGroup;
			children = (
				1A2B3C4D5E6F708190A0B001 /* AppDelegate.swift */,
				1A2B3C4D5E6F708190A0B002 /* MainWindowController.swift */,
			);
			path = App;
			sourceTree = "<group>";
		};
		1A2B3C4D5E6F708190A0B205 /* UI */ = {
			isa = PBXGroup;
			children = (
				1A2B3C4D5E6F708190A0B003 /* RootView.swift */,
			);
			path = UI;
			sourceTree = "<group>";
		};
		1A2B3C4D5E6F708190A0B206 /* Resources */ = {
			isa = PBXGroup;
			children = (
				1A2B3C4D5E6F708190A0B004 /* Info.plist */,
			);
			path = Resources;
			sourceTree = "<group>";
		};
		1A2B3C4D5E6F708190A0B207 /* System */ = {
			isa = PBXGroup;
			children = (
				1A2B3C4D5E6F708190A0B008 /* AppState.swift */,
				1A2B3C4D5E6F708190A0B006 /* CoreModels.swift */,
				1A2B3C4D5E6F708190A0B00A /* LoginItemController.swift */,
				1A2B3C4D5E6F708190A0B007 /* PeripheralCoreBridge.swift */,
			);
			path = System;
			sourceTree = "<group>";
		};
		1A2B3C4D5E6F708190A0B208 /* MenuBar */ = {
			isa = PBXGroup;
			children = (
				1A2B3C4D5E6F708190A0B009 /* StatusMenuController.swift */,
			);
			path = MenuBar;
			sourceTree = "<group>";
		};
		2B3C4D5E6F708190A0B0202 /* Core */ = {
			isa = PBXGroup;
			children = (
				2B3C4D5E6F708190A0B0203 /* include */,
				2B3C4D5E6F708190A0B0204 /* src */,
			);
			path = Core;
			sourceTree = "<group>";
		};
		2B3C4D5E6F708190A0B0203 /* include */ = {
			isa = PBXGroup;
			children = (
				2B3C4D5E6F708190A0B0H001 /* PeripheralCore.h */,
				2B3C4D5E6F708190A0B0H002 /* module.modulemap */,
				2B3C4D5E6F708190A0B0H016 /* mph_audio_watcher.h */,
				2B3C4D5E6F708190A0B0H021 /* mph_bluetooth.h */,
				2B3C4D5E6F708190A0B0H018 /* mph_camera.h */,
				2B3C4D5E6F708190A0B0H003 /* mph_core.h */,
				2B3C4D5E6F708190A0B0H015 /* mph_core_audio.h */,
				2B3C4D5E6F708190A0B0H014 /* mph_db.h */,
				2B3C4D5E6F708190A0B0H004 /* mph_device.h */,
				2B3C4D5E6F708190A0B0H005 /* mph_device_id.h */,
				2B3C4D5E6F708190A0B0H006 /* mph_device_list.h */,
				2B3C4D5E6F708190A0B0H017 /* mph_display.h */,
				2B3C4D5E6F708190A0B0H019 /* mph_hid.h */,
				2B3C4D5E6F708190A0B0H022 /* mph_inventory.h */,
				2B3C4D5E6F708190A0B0H020 /* mph_usb.h */,
				2B3C4D5E6F708190A0B0H007 /* mph_log.h */,
				2B3C4D5E6F708190A0B0H008 /* mph_profile.h */,
				2B3C4D5E6F708190A0B0H009 /* mph_profile_store.h */,
				2B3C4D5E6F708190A0B0H010 /* mph_reconcile.h */,
				2B3C4D5E6F708190A0B0H011 /* mph_result.h */,
				2B3C4D5E6F708190A0B0H012 /* mph_selection.h */,
				2B3C4D5E6F708190A0B0H023 /* mph_swift_bridge.h */,
				2B3C4D5E6F708190A0B0H013 /* mph_time.h */,
			);
			path = include;
			sourceTree = "<group>";
		};
		2B3C4D5E6F708190A0B0204 /* src */ = {
			isa = PBXGroup;
			children = (
				2B3C4D5E6F708190A0B0S024 /* mph_audio_watcher.c */,
				2B3C4D5E6F708190A0B0S030 /* mph_bluetooth.c */,
				2B3C4D5E6F708190A0B0S031 /* mph_bluetooth_iobluetooth.m */,
				2B3C4D5E6F708190A0B0S026 /* mph_camera.c */,
				2B3C4D5E6F708190A0B0S027 /* mph_camera_avfoundation.m */,
				2B3C4D5E6F708190A0B0S011 /* mph_core.c */,
				2B3C4D5E6F708190A0B0S023 /* mph_core_audio.c */,
				2B3C4D5E6F708190A0B0S022 /* mph_db.c */,
				2B3C4D5E6F708190A0B0S012 /* mph_device.c */,
				2B3C4D5E6F708190A0B0S013 /* mph_device_id.c */,
				2B3C4D5E6F708190A0B0S014 /* mph_device_list.c */,
				2B3C4D5E6F708190A0B0S025 /* mph_display.c */,
				2B3C4D5E6F708190A0B0S028 /* mph_hid.c */,
				2B3C4D5E6F708190A0B0S032 /* mph_inventory.c */,
				2B3C4D5E6F708190A0B0S029 /* mph_usb.c */,
				2B3C4D5E6F708190A0B0S015 /* mph_log.c */,
				2B3C4D5E6F708190A0B0S016 /* mph_profile.c */,
				2B3C4D5E6F708190A0B0S017 /* mph_profile_store.c */,
				2B3C4D5E6F708190A0B0S018 /* mph_reconcile.c */,
				2B3C4D5E6F708190A0B0S019 /* mph_result.c */,
				2B3C4D5E6F708190A0B0S020 /* mph_selection.c */,
				2B3C4D5E6F708190A0B0S033 /* mph_swift_bridge.c */,
				2B3C4D5E6F708190A0B0S021 /* mph_time.c */,
			);
			path = src;
			sourceTree = "<group>";
		};
/* End PBXGroup section */

/* Begin PBXNativeTarget section */
		1A2B3C4D5E6F708190A0B301 /* MacPeripheralHub */ = {
			isa = PBXNativeTarget;
			buildConfigurationList = 1A2B3C4D5E6F708190A0B601 /* Build configuration list for PBXNativeTarget "MacPeripheralHub" */;
			buildPhases = (
				1A2B3C4D5E6F708190A0B102 /* Sources */,
				1A2B3C4D5E6F708190A0B101 /* Frameworks */,
				1A2B3C4D5E6F708190A0B103 /* Resources */,
			);
			buildRules = (
			);
			dependencies = (
				2B3C4D5E6F708190A0B0D001 /* PBXTargetDependency */,
			);
			name = MacPeripheralHub;
			productName = MacPeripheralHub;
			productReference = 1A2B3C4D5E6F708190A0B005 /* MacPeripheralHub.app */;
			productType = "com.apple.product-type.application";
		};
		2B3C4D5E6F708190A0B0301 /* PeripheralCore */ = {
			isa = PBXNativeTarget;
			buildConfigurationList = 2B3C4D5E6F708190A0B0601 /* Build configuration list for PBXNativeTarget "PeripheralCore" */;
			buildPhases = (
				2B3C4D5E6F708190A0B0102 /* Sources */,
				2B3C4D5E6F708190A0B0101 /* Frameworks */,
			);
			buildRules = (
			);
			dependencies = (
			);
			name = PeripheralCore;
			productName = PeripheralCore;
			productReference = 2B3C4D5E6F708190A0B0F001 /* libPeripheralCore.a */;
			productType = "com.apple.product-type.library.static";
		};
/* End PBXNativeTarget section */

/* Begin PBXProject section */
		1A2B3C4D5E6F708190A0B401 /* Project object */ = {
			isa = PBXProject;
			attributes = {
				BuildIndependentTargetsInParallel = 1;
				LastSwiftUpdateCheck = 2660;
				LastUpgradeCheck = 2660;
				TargetAttributes = {
					1A2B3C4D5E6F708190A0B301 = {
						CreatedOnToolsVersion = 26.6;
					};
					2B3C4D5E6F708190A0B0301 = {
						CreatedOnToolsVersion = 26.6;
					};
				};
			};
			buildConfigurationList = 1A2B3C4D5E6F708190A0B501 /* Build configuration list for PBXProject "MacPeripheralHub" */;
			compatibilityVersion = "Xcode 15.0";
			developmentRegion = en;
			hasScannedForEncodings = 0;
			knownRegions = (
				en,
				Base,
			);
			mainGroup = 1A2B3C4D5E6F708190A0B201;
			productRefGroup = 1A2B3C4D5E6F708190A0B203 /* Products */;
			projectDirPath = "";
			projectRoot = "";
			targets = (
				1A2B3C4D5E6F708190A0B301 /* MacPeripheralHub */,
				2B3C4D5E6F708190A0B0301 /* PeripheralCore */,
			);
		};
/* End PBXProject section */

/* Begin PBXResourcesBuildPhase section */
		1A2B3C4D5E6F708190A0B103 /* Resources */ = {
			isa = PBXResourcesBuildPhase;
			buildActionMask = 2147483647;
			files = (
			);
			runOnlyForDeploymentPostprocessing = 0;
		};
/* End PBXResourcesBuildPhase section */

/* Begin PBXSourcesBuildPhase section */
		1A2B3C4D5E6F708190A0B102 /* Sources */ = {
			isa = PBXSourcesBuildPhase;
			buildActionMask = 2147483647;
			files = (
				1A2B3C4D5E6F708190A0B0C1 /* AppDelegate.swift in Sources */,
				1A2B3C4D5E6F708190A0B0C6 /* AppState.swift in Sources */,
				1A2B3C4D5E6F708190A0B0C4 /* CoreModels.swift in Sources */,
				1A2B3C4D5E6F708190A0B0C8 /* LoginItemController.swift in Sources */,
				1A2B3C4D5E6F708190A0B0C2 /* MainWindowController.swift in Sources */,
				1A2B3C4D5E6F708190A0B0C5 /* PeripheralCoreBridge.swift in Sources */,
				1A2B3C4D5E6F708190A0B0C3 /* RootView.swift in Sources */,
				1A2B3C4D5E6F708190A0B0C7 /* StatusMenuController.swift in Sources */,
			);
			runOnlyForDeploymentPostprocessing = 0;
		};
		2B3C4D5E6F708190A0B0102 /* Sources */ = {
			isa = PBXSourcesBuildPhase;
			buildActionMask = 2147483647;
			files = (
				2B3C4D5E6F708190A0B0C024 /* mph_audio_watcher.c in Sources */,
				2B3C4D5E6F708190A0B0C030 /* mph_bluetooth.c in Sources */,
				2B3C4D5E6F708190A0B0C031 /* mph_bluetooth_iobluetooth.m in Sources */,
				2B3C4D5E6F708190A0B0C026 /* mph_camera.c in Sources */,
				2B3C4D5E6F708190A0B0C027 /* mph_camera_avfoundation.m in Sources */,
				2B3C4D5E6F708190A0B0C011 /* mph_core.c in Sources */,
				2B3C4D5E6F708190A0B0C023 /* mph_core_audio.c in Sources */,
				2B3C4D5E6F708190A0B0C022 /* mph_db.c in Sources */,
				2B3C4D5E6F708190A0B0C012 /* mph_device.c in Sources */,
				2B3C4D5E6F708190A0B0C013 /* mph_device_id.c in Sources */,
				2B3C4D5E6F708190A0B0C014 /* mph_device_list.c in Sources */,
				2B3C4D5E6F708190A0B0C025 /* mph_display.c in Sources */,
				2B3C4D5E6F708190A0B0C028 /* mph_hid.c in Sources */,
				2B3C4D5E6F708190A0B0C032 /* mph_inventory.c in Sources */,
				2B3C4D5E6F708190A0B0C029 /* mph_usb.c in Sources */,
				2B3C4D5E6F708190A0B0C015 /* mph_log.c in Sources */,
				2B3C4D5E6F708190A0B0C016 /* mph_profile.c in Sources */,
				2B3C4D5E6F708190A0B0C017 /* mph_profile_store.c in Sources */,
				2B3C4D5E6F708190A0B0C018 /* mph_reconcile.c in Sources */,
				2B3C4D5E6F708190A0B0C019 /* mph_result.c in Sources */,
				2B3C4D5E6F708190A0B0C020 /* mph_selection.c in Sources */,
				2B3C4D5E6F708190A0B0C033 /* mph_swift_bridge.c in Sources */,
				2B3C4D5E6F708190A0B0C021 /* mph_time.c in Sources */,
			);
			runOnlyForDeploymentPostprocessing = 0;
		};
/* End PBXSourcesBuildPhase section */

/* Begin PBXTargetDependency section */
		2B3C4D5E6F708190A0B0D001 /* PBXTargetDependency */ = {
			isa = PBXTargetDependency;
			target = 2B3C4D5E6F708190A0B0301 /* PeripheralCore */;
			targetProxy = 2B3C4D5E6F708190A0B0P001 /* PBXContainerItemProxy */;
		};
/* End PBXTargetDependency section */

/* Begin XCBuildConfiguration section */
		1A2B3C4D5E6F708190A0B701 /* Debug */ = {
			isa = XCBuildConfiguration;
			buildSettings = {
				ALWAYS_SEARCH_USER_PATHS = NO;
				CLANG_ANALYZER_NONNULL = YES;
				CLANG_ANALYZER_NUMBER_OBJECT_CONVERSION = YES_AGGRESSIVE;
				CLANG_CXX_LANGUAGE_STANDARD = "gnu++20";
				CLANG_CXX_LIBRARY = "libc++";
				CLANG_ENABLE_MODULES = YES;
				CLANG_ENABLE_OBJC_ARC = YES;
				CLANG_ENABLE_OBJC_WEAK = YES;
				CLANG_WARN_BLOCK_CAPTURE_AUTORELEASING = YES;
				CLANG_WARN_BOOL_CONVERSION = YES;
				CLANG_WARN_COMMA = YES;
				CLANG_WARN_CONSTANT_CONVERSION = YES;
				CLANG_WARN_DEPRECATED_OBJC_IMPLEMENTATIONS = YES;
				CLANG_WARN_DIRECT_OBJC_ISA_USAGE = YES_ERROR;
				CLANG_WARN_DOCUMENTATION_COMMENTS = YES;
				CLANG_WARN_EMPTY_BODY = YES;
				CLANG_WARN_ENUM_CONVERSION = YES;
				CLANG_WARN_INFINITE_RECURSION = YES;
				CLANG_WARN_INT_CONVERSION = YES;
				CLANG_WARN_NON_LITERAL_NULL_CONVERSION = YES;
				CLANG_WARN_OBJC_IMPLICIT_RETAIN_SELF = YES;
				CLANG_WARN_OBJC_LITERAL_CONVERSION = YES;
				CLANG_WARN_OBJC_ROOT_CLASS = YES_ERROR;
				CLANG_WARN_QUOTED_INCLUDE_IN_FRAMEWORK_HEADER = YES;
				CLANG_WARN_RANGE_LOOP_ANALYSIS = YES;
				CLANG_WARN_STRICT_PROTOTYPES = YES;
				CLANG_WARN_SUSPICIOUS_MOVE = YES;
				CLANG_WARN_UNGUARDED_AVAILABILITY = YES_AGGRESSIVE;
				CLANG_WARN_UNREACHABLE_CODE = YES;
				CLANG_WARN__DUPLICATE_METHOD_MATCH = YES;
				COPY_PHASE_STRIP = NO;
				DEBUG_INFORMATION_FORMAT = dwarf;
				ENABLE_STRICT_OBJC_MSGSEND = YES;
				ENABLE_TESTABILITY = YES;
				GCC_C_LANGUAGE_STANDARD = gnu17;
				GCC_DYNAMIC_NO_PIC = NO;
				GCC_NO_COMMON_BLOCKS = YES;
				GCC_OPTIMIZATION_LEVEL = 0;
				GCC_PREPROCESSOR_DEFINITIONS = (
					"DEBUG=1",
					"$(inherited)",
				);
				GCC_WARN_64_TO_32_BIT_CONVERSION = YES;
				GCC_WARN_ABOUT_RETURN_TYPE = YES_ERROR;
				GCC_WARN_UNDECLARED_SELECTOR = YES;
				GCC_WARN_UNINITIALIZED_AUTOS = YES_AGGRESSIVE;
				GCC_WARN_UNUSED_FUNCTION = YES;
				GCC_WARN_UNUSED_VARIABLE = YES;
				MACOSX_DEPLOYMENT_TARGET = 13.0;
				MTL_ENABLE_DEBUG_INFO = INCLUDE_SOURCE;
				MTL_FAST_MATH = YES;
				ONLY_ACTIVE_ARCH = YES;
				SDKROOT = macosx;
				SWIFT_ACTIVE_COMPILATION_CONDITIONS = DEBUG;
				SWIFT_OPTIMIZATION_LEVEL = "-Onone";
			};
			name = Debug;
		};
		1A2B3C4D5E6F708190A0B702 /* Release */ = {
			isa = XCBuildConfiguration;
			buildSettings = {
				ALWAYS_SEARCH_USER_PATHS = NO;
				CLANG_ANALYZER_NONNULL = YES;
				CLANG_ANALYZER_NUMBER_OBJECT_CONVERSION = YES_AGGRESSIVE;
				CLANG_CXX_LANGUAGE_STANDARD = "gnu++20";
				CLANG_CXX_LIBRARY = "libc++";
				CLANG_ENABLE_MODULES = YES;
				CLANG_ENABLE_OBJC_ARC = YES;
				CLANG_ENABLE_OBJC_WEAK = YES;
				CLANG_WARN_BLOCK_CAPTURE_AUTORELEASING = YES;
				CLANG_WARN_BOOL_CONVERSION = YES;
				CLANG_WARN_COMMA = YES;
				CLANG_WARN_CONSTANT_CONVERSION = YES;
				CLANG_WARN_DEPRECATED_OBJC_IMPLEMENTATIONS = YES;
				CLANG_WARN_DIRECT_OBJC_ISA_USAGE = YES_ERROR;
				CLANG_WARN_DOCUMENTATION_COMMENTS = YES;
				CLANG_WARN_EMPTY_BODY = YES;
				CLANG_WARN_ENUM_CONVERSION = YES;
				CLANG_WARN_INFINITE_RECURSION = YES;
				CLANG_WARN_INT_CONVERSION = YES;
				CLANG_WARN_NON_LITERAL_NULL_CONVERSION = YES;
				CLANG_WARN_OBJC_IMPLICIT_RETAIN_SELF = YES;
				CLANG_WARN_OBJC_LITERAL_CONVERSION = YES;
				CLANG_WARN_OBJC_ROOT_CLASS = YES_ERROR;
				CLANG_WARN_QUOTED_INCLUDE_IN_FRAMEWORK_HEADER = YES;
				CLANG_WARN_RANGE_LOOP_ANALYSIS = YES;
				CLANG_WARN_STRICT_PROTOTYPES = YES;
				CLANG_WARN_SUSPICIOUS_MOVE = YES;
				CLANG_WARN_UNGUARDED_AVAILABILITY = YES_AGGRESSIVE;
				CLANG_WARN_UNREACHABLE_CODE = YES;
				CLANG_WARN__DUPLICATE_METHOD_MATCH = YES;
				COPY_PHASE_STRIP = NO;
				DEBUG_INFORMATION_FORMAT = "dwarf-with-dsym";
				ENABLE_NS_ASSERTIONS = NO;
				ENABLE_STRICT_OBJC_MSGSEND = YES;
				GCC_C_LANGUAGE_STANDARD = gnu17;
				GCC_NO_COMMON_BLOCKS = YES;
				GCC_WARN_64_TO_32_BIT_CONVERSION = YES;
				GCC_WARN_ABOUT_RETURN_TYPE = YES_ERROR;
				GCC_WARN_UNDECLARED_SELECTOR = YES;
				GCC_WARN_UNINITIALIZED_AUTOS = YES_AGGRESSIVE;
				GCC_WARN_UNUSED_FUNCTION = YES;
				GCC_WARN_UNUSED_VARIABLE = YES;
				MACOSX_DEPLOYMENT_TARGET = 13.0;
				MTL_ENABLE_DEBUG_INFO = NO;
				MTL_FAST_MATH = YES;
				SDKROOT = macosx;
				SWIFT_COMPILATION_MODE = wholemodule;
			};
			name = Release;
		};
		1A2B3C4D5E6F708190A0B801 /* Debug */ = {
			isa = XCBuildConfiguration;
			buildSettings = {
				ASSETCATALOG_COMPILER_GLOBAL_ACCENT_COLOR_NAME = AccentColor;
				CODE_SIGN_IDENTITY = "-";
				CODE_SIGN_STYLE = Manual;
				CURRENT_PROJECT_VERSION = 1;
				ENABLE_HARDENED_RUNTIME = YES;
				GENERATE_INFOPLIST_FILE = NO;
				HEADER_SEARCH_PATHS = "$(SRCROOT)/Core/include";
				INFOPLIST_FILE = MacPeripheralHub/Resources/Info.plist;
				LD_RUNPATH_SEARCH_PATHS = (
					"$(inherited)",
					"@executable_path/../Frameworks",
				);
				MACOSX_DEPLOYMENT_TARGET = 13.0;
				MARKETING_VERSION = 1.0.0;
				PRODUCT_BUNDLE_IDENTIFIER = com.theandreyzakharov.MacPeripheralHub;
				PRODUCT_NAME = "$(TARGET_NAME)";
				SWIFT_EMIT_LOC_STRINGS = YES;
				SWIFT_INCLUDE_PATHS = "$(SRCROOT)/Core/include";
				SWIFT_VERSION = 5.0;
			};
			name = Debug;
		};
		1A2B3C4D5E6F708190A0B802 /* Release */ = {
			isa = XCBuildConfiguration;
			buildSettings = {
				ASSETCATALOG_COMPILER_GLOBAL_ACCENT_COLOR_NAME = AccentColor;
				CODE_SIGN_IDENTITY = "-";
				CODE_SIGN_STYLE = Manual;
				CURRENT_PROJECT_VERSION = 1;
				ENABLE_HARDENED_RUNTIME = YES;
				GENERATE_INFOPLIST_FILE = NO;
				HEADER_SEARCH_PATHS = "$(SRCROOT)/Core/include";
				INFOPLIST_FILE = MacPeripheralHub/Resources/Info.plist;
				LD_RUNPATH_SEARCH_PATHS = (
					"$(inherited)",
					"@executable_path/../Frameworks",
				);
				MACOSX_DEPLOYMENT_TARGET = 13.0;
				MARKETING_VERSION = 1.0.0;
				PRODUCT_BUNDLE_IDENTIFIER = com.theandreyzakharov.MacPeripheralHub;
				PRODUCT_NAME = "$(TARGET_NAME)";
				SWIFT_EMIT_LOC_STRINGS = YES;
				SWIFT_INCLUDE_PATHS = "$(SRCROOT)/Core/include";
				SWIFT_VERSION = 5.0;
			};
			name = Release;
		};
		2B3C4D5E6F708190A0B0801 /* Debug */ = {
			isa = XCBuildConfiguration;
			buildSettings = {
				ALWAYS_SEARCH_USER_PATHS = NO;
				CLANG_ENABLE_MODULES = NO;
				CLANG_WARN_BLOCK_CAPTURE_AUTORELEASING = YES;
				CLANG_WARN_BOOL_CONVERSION = YES;
				CLANG_WARN_COMMA = YES;
				CLANG_WARN_CONSTANT_CONVERSION = YES;
				CLANG_WARN_EMPTY_BODY = YES;
				CLANG_WARN_ENUM_CONVERSION = YES;
				CLANG_WARN_INFINITE_RECURSION = YES;
				CLANG_WARN_INT_CONVERSION = YES;
				CLANG_WARN_STRICT_PROTOTYPES = YES;
				CLANG_WARN_UNREACHABLE_CODE = YES;
				DEBUG_INFORMATION_FORMAT = dwarf;
				GCC_C_LANGUAGE_STANDARD = c17;
				GCC_DYNAMIC_NO_PIC = NO;
				GCC_NO_COMMON_BLOCKS = YES;
				GCC_OPTIMIZATION_LEVEL = 0;
				GCC_WARN_64_TO_32_BIT_CONVERSION = YES;
				GCC_WARN_ABOUT_RETURN_TYPE = YES_ERROR;
				GCC_WARN_UNDECLARED_SELECTOR = YES;
				GCC_WARN_UNINITIALIZED_AUTOS = YES_AGGRESSIVE;
				GCC_WARN_UNUSED_FUNCTION = YES;
				GCC_WARN_UNUSED_VARIABLE = YES;
				HEADER_SEARCH_PATHS = "$(SRCROOT)/Core/include";
				MACOSX_DEPLOYMENT_TARGET = 13.0;
				PRODUCT_NAME = PeripheralCore;
				SKIP_INSTALL = YES;
			};
			name = Debug;
		};
		2B3C4D5E6F708190A0B0802 /* Release */ = {
			isa = XCBuildConfiguration;
			buildSettings = {
				ALWAYS_SEARCH_USER_PATHS = NO;
				CLANG_ENABLE_MODULES = NO;
				CLANG_WARN_BLOCK_CAPTURE_AUTORELEASING = YES;
				CLANG_WARN_BOOL_CONVERSION = YES;
				CLANG_WARN_COMMA = YES;
				CLANG_WARN_CONSTANT_CONVERSION = YES;
				CLANG_WARN_EMPTY_BODY = YES;
				CLANG_WARN_ENUM_CONVERSION = YES;
				CLANG_WARN_INFINITE_RECURSION = YES;
				CLANG_WARN_INT_CONVERSION = YES;
				CLANG_WARN_STRICT_PROTOTYPES = YES;
				CLANG_WARN_UNREACHABLE_CODE = YES;
				DEBUG_INFORMATION_FORMAT = "dwarf-with-dsym";
				GCC_C_LANGUAGE_STANDARD = c17;
				GCC_NO_COMMON_BLOCKS = YES;
				GCC_WARN_64_TO_32_BIT_CONVERSION = YES;
				GCC_WARN_ABOUT_RETURN_TYPE = YES_ERROR;
				GCC_WARN_UNDECLARED_SELECTOR = YES;
				GCC_WARN_UNINITIALIZED_AUTOS = YES_AGGRESSIVE;
				GCC_WARN_UNUSED_FUNCTION = YES;
				GCC_WARN_UNUSED_VARIABLE = YES;
				HEADER_SEARCH_PATHS = "$(SRCROOT)/Core/include";
				MACOSX_DEPLOYMENT_TARGET = 13.0;
				PRODUCT_NAME = PeripheralCore;
				SKIP_INSTALL = YES;
			};
			name = Release;
		};
/* End XCBuildConfiguration section */

/* Begin XCConfigurationList section */
		1A2B3C4D5E6F708190A0B501 /* Build configuration list for PBXProject "MacPeripheralHub" */ = {
			isa = XCConfigurationList;
			buildConfigurations = (
				1A2B3C4D5E6F708190A0B701 /* Debug */,
				1A2B3C4D5E6F708190A0B702 /* Release */,
			);
			defaultConfigurationIsVisible = 0;
			defaultConfigurationName = Release;
		};
		1A2B3C4D5E6F708190A0B601 /* Build configuration list for PBXNativeTarget "MacPeripheralHub" */ = {
			isa = XCConfigurationList;
			buildConfigurations = (
				1A2B3C4D5E6F708190A0B801 /* Debug */,
				1A2B3C4D5E6F708190A0B802 /* Release */,
			);
			defaultConfigurationIsVisible = 0;
			defaultConfigurationName = Release;
		};
		2B3C4D5E6F708190A0B0601 /* Build configuration list for PBXNativeTarget "PeripheralCore" */ = {
			isa = XCConfigurationList;
			buildConfigurations = (
				2B3C4D5E6F708190A0B0801 /* Debug */,
				2B3C4D5E6F708190A0B0802 /* Release */,
			);
			defaultConfigurationIsVisible = 0;
			defaultConfigurationName = Release;
		};
/* End XCConfigurationList section */
	};
	rootObject = 1A2B3C4D5E6F708190A0B401 /* Project object */;
}
